# This file is automatically @generated by Cargo.
# It is not intended for manual editing.
[[package]]
name = "bitvec"
version = "0.17.3"
source = "registry+https://github.com/rust-lang/crates.io-index"
checksum = "fea3f6954750547b48aa42185a8fd6ef09e3ecaff57901e386d5f0df79b3b99d"
dependencies = [
 "either",
 "radium",
]

[[package]]
name = "either"
version = "1.5.3"
source = "registry+https://github.com/rust-lang/crates.io-index"
checksum = "bb1f6b1ce1c140482ea30ddd3335fc0024ac7ee112895426e0a629a6c20adfe3"

[[package]]
name = "radium"
version = "0.3.0"
source = "registry+https://github.com/rust-lang/crates.io-index"
checksum = "def50a86306165861203e7f84ecffbbdfdea79f0e51039b33de1e952358c47ac"

[[package]]
name = "spinifex-unsigned-varint"
version = "0.0.1"
dependencies = [
 "bitvec",
]
